
Microsoft Visual Studio Solution File, Format Version 12.00
# Visual Studio Version 17
VisualStudioVersion = 17.9.34701.34
MinimumVisualStudioVersion = 10.0.40219.1
Project("{FAE04EC0-301F-11D3-BF4B-00C04F79EFBC}") = "PostItNoteRacing.Plugin", "PostItNoteRacing.Plugin\PostItNoteRacing.Plugin.csproj", "{833040C9-FE5E-4CCF-B21D-71979E049B6B}"
EndProject
Project("{54A90642-561A-4BB1-A94E-469ADEE60C69}") = "PostItNoteRacing.JSExtensions", "PostItNoteRacing.JSExtensions\PostItNoteRacing.JSExtensions.esproj", "{B1BE9900-A96E-4520-85F8-03D20427A6AE}"
EndProject
Project("{2150E333-8FDC-42A3-9474-1A3956D46DE8}") = "Solution Items", "Solution Items", "{0B489757-29A3-4094-9524-D1EDB565F460}"
	ProjectSection(SolutionItems) = preProject
		.editorconfig = .editorconfig
		README.md = README.md
	EndProjectSection
EndProject
Global
	GlobalSection(SolutionConfigurationPlatforms) = preSolution
		Debug|Any CPU = Debug|Any CPU
		Release|Any CPU = Release|Any CPU
	EndGlobalSection
	GlobalSection(ProjectConfigurationPlatforms) = postSolution
		{833040C9-FE5E-4CCF-B21D-71979E049B6B}.Debug|Any CPU.ActiveCfg = Debug|Any CPU
		{833040C9-FE5E-4CCF-B21D-71979E049B6B}.Debug|Any CPU.Build.0 = Debug|Any CPU
		{833040C9-FE5E-4CCF-B21D-71979E049B6B}.Release|Any CPU.ActiveCfg = Release|Any CPU
		{833040C9-FE5E-4CCF-B21D-71979E049B6B}.Release|Any CPU.Build.0 = Release|Any CPU
		{B1BE9900-A96E-4520-85F8-03D20427A6AE}.Debug|Any CPU.ActiveCfg = Debug|Any CPU
		{B1BE9900-A96E-4520-85F8-03D20427A6AE}.Release|Any CPU.ActiveCfg = Release|Any CPU
	EndGlobalSection
	GlobalSection(SolutionProperties) = preSolution
		HideSolutionNode = FALSE
	EndGlobalSection
	GlobalSection(ExtensibilityGlobals) = postSolution
		SolutionGuid = {4C929380-63E7-4296-B420-B568A14852D7}
	EndGlobalSection
EndGlobal
